
Microsoft Visual Studio Solution File, Format Version 12.00
# Visual Studio Version 16
VisualStudioVersion = 16.0.30204.135
MinimumVisualStudioVersion = 10.0.40219.1
Project("{8BC9CEB8-8B4A-11D0-8D11-00A0C91BC942}") = "MASM3", "MASM3\MASM3.vcxproj", "{0135A90E-82E4-44FF-A4BC-EEAC2CBE1410}"
EndProject
Global
	GlobalSection(SolutionConfigurationPlatforms) = preSolution
		Debug|x64 = Debug|x64
		Debug|x86 = Debug|x86
		Release|x64 = Release|x64
		Release|x86 = Release|x86
	EndGlobalSection
	GlobalSection(ProjectConfigurationPlatforms) = postSolution
		{0135A90E-82E4-44FF-A4BC-EEAC2CBE1410}.Debug|x64.ActiveCfg = Debug|x64
		{0135A90E-82E4-44FF-A4BC-EEAC2CBE1410}.Debug|x64.Build.0 = Debug|x64
		{0135A90E-82E4-44FF-A4BC-EEAC2CBE1410}.Debug|x86.ActiveCfg = Debug|Win32
		{0135A90E-82E4-44FF-A4BC-EEAC2CBE1410}.Debug|x86.Build.0 = Debug|Win32
		{0135A90E-82E4-44FF-A4BC-EEAC2CBE1410}.Release|x64.ActiveCfg = Release|x64
		{0135A90E-82E4-44FF-A4BC-EEAC2CBE1410}.Release|x64.Build.0 = Release|x64
		{0135A90E-82E4-44FF-A4BC-EEAC2CBE1410}.Release|x86.ActiveCfg = Release|Win32
		{0135A90E-82E4-44FF-A4BC-EEAC2CBE1410}.Release|x86.Build.0 = Release|Win32
	EndGlobalSection
	GlobalSection(SolutionProperties) = preSolution
		HideSolutionNode = FALSE
	EndGlobalSection
	GlobalSection(ExtensibilityGlobals) = postSolution
		SolutionGuid = {8323AB06-7DAC-4723-A7F7-FFA759B93B03}
	EndGlobalSection
EndGlobal
